
Microsoft Visual Studio Solution File, Format Version 12.00
# Visual Studio 15
VisualStudioVersion = 15.0.27130.2026
MinimumVisualStudioVersion = 10.0.40219.1
Project("{9A19103F-16F7-4668-BE54-9A1E7A4F7556}") = "Wikiled.ConsoleApp", "Wikiled.ConsoleApp\Wikiled.ConsoleApp.csproj", "{1EE4005B-F5A6-43A4-8B89-C5F4A2A96E5D}"
EndProject
Project("{9A19103F-16F7-4668-BE54-9A1E7A4F7556}") = "Wikiled.Twitter", "Wikiled.Twitter\Wikiled.Twitter.csproj", "{670A2B22-D651-40C6-825E-0216B8C1A188}"
EndProject
Project("{9A19103F-16F7-4668-BE54-9A1E7A4F7556}") = "Wikiled.Twitter.Tests", "Wikiled.Twitter.Tests\Wikiled.Twitter.Tests.csproj", "{A49BEAF5-42D2-4218-8C01-F4CEB171CB92}"
EndProject
Global
	GlobalSection(SolutionConfigurationPlatforms) = preSolution
		Debug|Any CPU = Debug|Any CPU
		Debug|x86 = Debug|x86
		Release|Any CPU = Release|Any CPU
		Release|x86 = Release|x86
	EndGlobalSection
	GlobalSection(ProjectConfigurationPlatforms) = postSolution
		{1EE4005B-F5A6-43A4-8B89-C5F4A2A96E5D}.Debug|Any CPU.ActiveCfg = Debug|Any CPU
		{1EE4005B-F5A6-43A4-8B89-C5F4A2A96E5D}.Debug|Any CPU.Build.0 = Debug|Any CPU
		{1EE4005B-F5A6-43A4-8B89-C5F4A2A96E5D}.Debug|x86.ActiveCfg = Debug|Any CPU
		{1EE4005B-F5A6-43A4-8B89-C5F4A2A96E5D}.Debug|x86.Build.0 = Debug|Any CPU
		{1EE4005B-F5A6-43A4-8B89-C5F4A2A96E5D}.Release|Any CPU.ActiveCfg = Release|Any CPU
		{1EE4005B-F5A6-43A4-8B89-C5F4A2A96E5D}.Release|Any CPU.Build.0 = Release|Any CPU
		{1EE4005B-F5A6-43A4-8B89-C5F4A2A96E5D}.Release|x86.ActiveCfg = Release|Any CPU
		{1EE4005B-F5A6-43A4-8B89-C5F4A2A96E5D}.Release|x86.Build.0 = Release|Any CPU
		{670A2B22-D651-40C6-825E-0216B8C1A188}.Debug|Any CPU.ActiveCfg = Debug|Any CPU
		{670A2B22-D651-40C6-825E-0216B8C1A188}.Debug|Any CPU.Build.0 = Debug|Any CPU
		{670A2B22-D651-40C6-825E-0216B8C1A188}.Debug|x86.ActiveCfg = Debug|Any CPU
		{670A2B22-D651-40C6-825E-0216B8C1A188}.Debug|x86.Build.0 = Debug|Any CPU
		{670A2B22-D651-40C6-825E-0216B8C1A188}.Release|Any CPU.ActiveCfg = Release|Any CPU
		{670A2B22-D651-40C6-825E-0216B8C1A188}.Release|Any CPU.Build.0 = Release|Any CPU
		{670A2B22-D651-40C6-825E-0216B8C1A188}.Release|x86.ActiveCfg = Release|Any CPU
		{670A2B22-D651-40C6-825E-0216B8C1A188}.Release|x86.Build.0 = Release|Any CPU
		{A49BEAF5-42D2-4218-8C01-F4CEB171CB92}.Debug|Any CPU.ActiveCfg = Debug|Any CPU
		{A49BEAF5-42D2-4218-8C01-F4CEB171CB92}.Debug|Any CPU.Build.0 = Debug|Any CPU
		{A49BEAF5-42D2-4218-8C01-F4CEB171CB92}.Debug|x86.ActiveCfg = Debug|Any CPU
		{A49BEAF5-42D2-4218-8C01-F4CEB171CB92}.Debug|x86.Build.0 = Debug|Any CPU
		{A49BEAF5-42D2-4218-8C01-F4CEB171CB92}.Release|Any CPU.ActiveCfg = Release|Any CPU
		{A49BEAF5-42D2-4218-8C01-F4CEB171CB92}.Release|Any CPU.Build.0 = Release|Any CPU
		{A49BEAF5-42D2-4218-8C01-F4CEB171CB92}.Release|x86.ActiveCfg = Release|Any CPU
		{A49BEAF5-42D2-4218-8C01-F4CEB171CB92}.Release|x86.Build.0 = Release|Any CPU
	EndGlobalSection
	GlobalSection(SolutionProperties) = preSolution
		HideSolutionNode = FALSE
	EndGlobalSection
	GlobalSection(ExtensibilityGlobals) = postSolution
		EnterpriseLibraryConfigurationToolBinariesPath = packages\TransientFaultHandling.Core.5.1.1209.1\lib\NET4
		EnterpriseLibraryConfigurationToolBinariesPathV6 = packages\EnterpriseLibrary.TransientFaultHandling.6.0.1304.0\lib\portable-net45+win+wp8
		SolutionGuid = {381DC1B2-9ED2-411F-9603-E47A8B8D5821}
	EndGlobalSection
EndGlobal
